{
    "_readme": [
        "This file locks the dependencies of your project to a known state",
        "Read more about it at https://getcomposer.org/doc/01-basic-usage.md#composer-lock-the-lock-file",
        "This file is @generated automatically"
    ],
    "content-hash": "e03cb2f2860ac5cb70af2cc8344099bf",
    "packages": [
        {
            "name": "curl/curl",
            "version": "1.6.0",
            "source": {
                "type": "git",
                "url": "https://github.com/php-mod/curl.git",
                "reference": "213d0cc23a4a305f5d7a153d98f2db644a6ca909"
            },
            "dist": {
                "type": "zip",
                "url": "https://api.github.com/repos/php-mod/curl/zipball/213d0cc23a4a305f5d7a153d98f2db644a6ca909",
                "reference": "213d0cc23a4a305f5d7a153d98f2db644a6ca909",
                "shasum": ""
            },
            "require": {
                "ext-curl": "*",
                "php": ">=5.3.0"
            },
            "require-dev": {
                "phpunit/phpunit": "3.7.*",
                "squizlabs/php_codesniffer": "~2.1"
            },
            "type": "library",
            "autoload": {
                "psr-0": {
                    "Curl": "src/"
                }
            },
            "notification-url": "https://packagist.org/downloads/",
            "license": [
                "MIT"
            ],
            "authors": [
                {
                    "name": "Hassan Amouhzi",
                    "email": "hassan@anezi.net",
                    "homepage": "http://hassan.amouhzi.com"
                },
                {
                    "name": "php-curl-class",
                    "homepage": "https://github.com/php-curl-class"
                },
                {
                    "name": "user52",
                    "homepage": "https://github.com/user52"
                }
            ],
            "description": "cURL class for PHP",
            "homepage": "https://github.com/php-mod/curl",
            "keywords": [
                "curl",
                "dot"
            ],
            "time": "2017-01-13T18:26:02+00:00"
        },
        {
            "name": "deimos/builder",
            "version": "0.0.9",
            "source": {
                "type": "git",
                "url": "https://github.com/DeimosProject/Builder.git",
                "reference": "450aefc266d9ea103a3f657ac92459018663fe4e"
            },
            "dist": {
                "type": "zip",
                "url": "https://api.github.com/repos/DeimosProject/Builder/zipball/450aefc266d9ea103a3f657ac92459018663fe4e",
                "reference": "450aefc266d9ea103a3f657ac92459018663fe4e",
                "shasum": ""
            },
            "require": {
                "php": "^5.6 || ^7.0"
            },
            "require-dev": {
                "codeclimate/php-test-reporter": "dev-master",
                "phpunit/phpunit": "~5.7"
            },
            "type": "library",
            "autoload": {
                "psr-4": {
                    "Deimos\\": "src/"
                }
            },
            "notification-url": "https://packagist.org/downloads/",
            "license": [
                "MIT"
            ],
            "authors": [
                {
                    "name": "rez1dent3",
                    "email": "maksim.babichev95@gmail.com"
                }
            ],
            "time": "2017-01-17T13:02:40+00:00"
        },
        {
            "name": "deimos/helper",
            "version": "0.3.6.2",
            "source": {
                "type": "git",
                "url": "https://github.com/DeimosProject/Helper.git",
                "reference": "1aed1991cc958147f3c0af061839deb3d2e2c282"
            },
            "dist": {
                "type": "zip",
                "url": "https://api.github.com/repos/DeimosProject/Helper/zipball/1aed1991cc958147f3c0af061839deb3d2e2c282",
                "reference": "1aed1991cc958147f3c0af061839deb3d2e2c282",
                "shasum": ""
            },
            "require": {
                "deimos/builder": "~0.0",
                "ext-mbstring": "*",
                "paragonie/random_compat": "^1|^2",
                "php": "^5.6 || ^7.0"
            },
            "require-dev": {
                "phpunit/phpunit": "5.7.5"
            },
            "type": "library",
            "autoload": {
                "psr-4": {
                    "Deimos\\": "src/"
                }
            },
            "notification-url": "https://packagist.org/downloads/",
            "license": [
                "MIT"
            ],
            "authors": [
                {
                    "name": "rez1dent3",
                    "email": "maksim.babichev95@gmail.com"
                }
            ],
            "description": "Deimos Helper.",
            "keywords": [
                "deimos",
                "helper"
            ],
            "time": "2017-01-27T12:16:31+00:00"
        },
        {
            "name": "erusev/parsedown",
            "version": "1.6.1",
            "source": {
                "type": "git",
                "url": "https://github.com/erusev/parsedown.git",
                "reference": "20ff8bbb57205368b4b42d094642a3e52dac85fb"
            },
            "dist": {
                "type": "zip",
                "url": "https://api.github.com/repos/erusev/parsedown/zipball/20ff8bbb57205368b4b42d094642a3e52dac85fb",
                "reference": "20ff8bbb57205368b4b42d094642a3e52dac85fb",
                "shasum": ""
            },
            "require": {
                "php": ">=5.3.0"
            },
            "type": "library",
            "autoload": {
                "psr-0": {
                    "Parsedown": ""
                }
            },
            "notification-url": "https://packagist.org/downloads/",
            "license": [
                "MIT"
            ],
            "authors": [
                {
                    "name": "Emanuil Rusev",
                    "email": "hello@erusev.com",
                    "homepage": "http://erusev.com"
                }
            ],
            "description": "Parser for Markdown.",
            "homepage": "http://parsedown.org",
            "keywords": [
                "markdown",
                "parser"
            ],
            "time": "2016-11-02T15:56:58+00:00"
        },
        {
            "name": "imanee/imanee",
            "version": "1.2.2",
            "source": {
                "type": "git",
                "url": "https://github.com/imanee/imanee.git",
                "reference": "e3e3cf92c694f84fd8cb9cdeee6aa4a71655781d"
            },
            "dist": {
                "type": "zip",
                "url": "https://api.github.com/repos/imanee/imanee/zipball/e3e3cf92c694f84fd8cb9cdeee6aa4a71655781d",
                "reference": "e3e3cf92c694f84fd8cb9cdeee6aa4a71655781d",
                "shasum": ""
            },
            "require": {
                "php": ">=5.4.0"
            },
            "require-dev": {
                "ext-gd": "*",
                "ext-imagick": "*",
                "mockery/mockery": "^0.9.4",
                "phpunit/phpunit": "3.7.*",
                "satooshi/php-coveralls": "^0.6.1"
            },
            "suggest": {
                "ext-gd": "To allow Imanee\\ImageResource\\GDResource usage.",
                "ext-imagick": "To allow Imanee\\ImageResource\\ImagickResource usage."
            },
            "type": "library",
            "extra": {
                "branch-alias": {
                    "dev-master": "1.0-dev"
                }
            },
            "autoload": {
                "psr-4": {
                    "Imanee\\": "src/"
                }
            },
            "notification-url": "https://packagist.org/downloads/",
            "license": [
                "MIT"
            ],
            "authors": [
                {
                    "name": "Erika Heidi",
                    "email": "erika@erikaheidi.com"
                }
            ],
            "description": "PHP Image Manipulation Library",
            "homepage": "http://imanee.io",
            "keywords": [
                "ImageMagick",
                "gd",
                "image",
                "imagick",
                "php"
            ],
            "time": "2015-09-03T13:02:21+00:00"
        },
        {
            "name": "ircmaxell/password-compat",
            "version": "v1.0.4",
            "source": {
                "type": "git",
                "url": "https://github.com/ircmaxell/password_compat.git",
                "reference": "5c5cde8822a69545767f7c7f3058cb15ff84614c"
            },
            "dist": {
                "type": "zip",
                "url": "https://api.github.com/repos/ircmaxell/password_compat/zipball/5c5cde8822a69545767f7c7f3058cb15ff84614c",
                "reference": "5c5cde8822a69545767f7c7f3058cb15ff84614c",
                "shasum": ""
            },
            "require-dev": {
                "phpunit/phpunit": "4.*"
            },
            "type": "library",
            "autoload": {
                "files": [
                    "lib/password.php"
                ]
            },
            "notification-url": "https://packagist.org/downloads/",
            "license": [
                "MIT"
            ],
            "authors": [
                {
                    "name": "Anthony Ferrara",
                    "email": "ircmaxell@php.net",
                    "homepage": "http://blog.ircmaxell.com"
                }
            ],
            "description": "A compatibility library for the proposed simplified password hashing algorithm: https://wiki.php.net/rfc/password_hash",
            "homepage": "https://github.com/ircmaxell/password_compat",
            "keywords": [
                "hashing",
                "password"
            ],
            "time": "2014-11-20T16:49:30+00:00"
        },
        {
            "name": "mthaml/mthaml",
            "version": "dev-master",
            "source": {
                "type": "git",
                "url": "https://github.com/arnaud-lb/MtHaml.git",
                "reference": "60b42476157afffe3488d595586ac17706c763f6"
            },
            "dist": {
                "type": "zip",
                "url": "https://api.github.com/repos/arnaud-lb/MtHaml/zipball/60b42476157afffe3488d595586ac17706c763f6",
                "reference": "60b42476157afffe3488d595586ac17706c763f6",
                "shasum": ""
            },
            "require": {
                "php": ">=5.4.0"
            },
            "conflict": {
                "mthaml/mthaml-bundle": "<1.1.0"
            },
            "require-dev": {
                "cebe/markdown": "~1",
                "coffeescript/coffeescript": "~1",
                "erusev/parsedown": "*",
                "fluxbb/commonmark": "~1@dev",
                "gregwar/rst": "1.0.0",
                "kzykhys/ciconia": "~1",
                "leafo/lessphp": "*",
                "leafo/scssphp": "*",
                "league/commonmark": ">=0.9",
                "michelf/php-markdown": "~1.3",
                "oyejorge/less.php": "*",
                "twig/twig": "~1.12|~2.0"
            },
            "suggest": {
                "cebe/markdown": "If you want to use :markdown filter",
                "coffeescript/coffeescript": "If you want to use :coffee or :coffeescript filter",
                "erusev/parsedown": "If you want to use :markdown filter",
                "fluxbb/commonmark": "If you want to use :markdown filter",
                "gregwar/rst": "If you want to use :rest filter",
                "kzykhys/ciconia": "If you want to use :markdown filter",
                "leafo/lessphp": "If you want to use :less filter",
                "leafo/scssphp": "If you want to use :scss filter",
                "league/commonmark": "If you want to use :markdown filter",
                "michelf/php-markdown": "If you want to use :markdown filter",
                "oyejorge/less.php": "If you want to use :less filter",
                "twig/twig": "If you want to use Twig templating engine"
            },
            "type": "library",
            "autoload": {
                "psr-0": {
                    "MtHaml\\": "lib/"
                }
            },
            "notification-url": "https://packagist.org/downloads/",
            "license": [
                "MIT"
            ],
            "authors": [
                {
                    "name": "Arnaud Le Blanc",
                    "email": "arnaud.lb@gmail.com"
                }
            ],
            "description": "HAML for PHP",
            "homepage": "https://github.com/arnaud-lb/MtHaml",
            "keywords": [
                "HAML"
            ],
            "time": "2016-12-08 16:49:11"
        },
        {
            "name": "paragonie/random_compat",
            "version": "v1.4.1",
            "source": {
                "type": "git",
                "url": "https://github.com/paragonie/random_compat.git",
                "reference": "c7e26a21ba357863de030f0b9e701c7d04593774"
            },
            "dist": {
                "type": "zip",
                "url": "https://api.github.com/repos/paragonie/random_compat/zipball/c7e26a21ba357863de030f0b9e701c7d04593774",
                "reference": "c7e26a21ba357863de030f0b9e701c7d04593774",
                "shasum": ""
            },
            "require": {
                "php": ">=5.2.0"
            },
            "require-dev": {
                "phpunit/phpunit": "4.*|5.*"
            },
            "suggest": {
                "ext-libsodium": "Provides a modern crypto API that can be used to generate random bytes."
            },
            "type": "library",
            "autoload": {
                "files": [
                    "lib/random.php"
                ]
            },
            "notification-url": "https://packagist.org/downloads/",
            "license": [
                "MIT"
            ],
            "authors": [
                {
                    "name": "Paragon Initiative Enterprises",
                    "email": "security@paragonie.com",
                    "homepage": "https://paragonie.com"
                }
            ],
            "description": "PHP 5.x polyfill for random_bytes() and random_int() from PHP 7",
            "keywords": [
                "csprng",
                "pseudorandom",
                "random"
            ],
            "time": "2016-03-18T20:34:03+00:00"
        },
        {
            "name": "phpixie/auth",
            "version": "3.1.1",
            "source": {
                "type": "git",
                "url": "https://github.com/PHPixie/Auth.git",
                "reference": "79e74ec844111bc190725d85c96192d90a8b94a7"
            },
            "dist": {
                "type": "zip",
                "url": "https://api.github.com/repos/PHPixie/Auth/zipball/79e74ec844111bc190725d85c96192d90a8b94a7",
                "reference": "79e74ec844111bc190725d85c96192d90a8b94a7",
                "shasum": ""
            },
            "require": {
                "phpixie/slice": "~3.0"
            },
            "require-dev": {
                "phpixie/test": "~3.0"
            },
            "type": "library",
            "extra": {
                "branch-alias": {
                    "dev-master": "3.x-dev"
                }
            },
            "autoload": {
                "psr-4": {
                    "PHPixie\\": "src/PHPixie",
                    "PHPixie\\Tests\\": "tests/PHPixie/Tests"
                }
            },
            "notification-url": "https://packagist.org/downloads/",
            "license": [
                "BSD"
            ],
            "authors": [
                {
                    "name": "Roman Tsiupa",
                    "email": "draconyster@gmail.com",
                    "homepage": "http://dracony.org"
                }
            ],
            "description": "Auth library for PHPixie",
            "homepage": "http://phpixie.com",
            "keywords": [
                "auth"
            ],
            "time": "2016-03-15T13:42:02+00:00"
        },
        {
            "name": "phpixie/auth-login",
            "version": "3.1.1",
            "source": {
                "type": "git",
                "url": "https://github.com/PHPixie/Auth-Login.git",
                "reference": "5020fc9a84685596cc41d1eed94de22eed21eb5f"
            },
            "dist": {
                "type": "zip",
                "url": "https://api.github.com/repos/PHPixie/Auth-Login/zipball/5020fc9a84685596cc41d1eed94de22eed21eb5f",
                "reference": "5020fc9a84685596cc41d1eed94de22eed21eb5f",
                "shasum": ""
            },
            "require": {
                "phpixie/auth": "3.*@dev",
                "phpixie/security": "3.*@dev",
                "phpixie/slice": "3.*@dev"
            },
            "require-dev": {
                "phpixie/test": "3.*@dev"
            },
            "type": "library",
            "extra": {
                "branch-alias": {
                    "dev-master": "3.x-dev"
                }
            },
            "autoload": {
                "psr-4": {
                    "PHPixie\\": "src/PHPixie",
                    "PHPixie\\Tests\\": "tests/PHPixie/Tests"
                }
            },
            "notification-url": "https://packagist.org/downloads/",
            "license": [
                "BSD"
            ],
            "authors": [
                {
                    "name": "Roman Tsiupa",
                    "email": "draconyster@gmail.com",
                    "homepage": "http://dracony.org"
                }
            ],
            "description": "Auth password login library for PHPixie",
            "homepage": "http://phpixie.com",
            "keywords": [
                "auth"
            ],
            "time": "2017-01-18T17:25:04+00:00"
        },
        {
            "name": "phpixie/auth-orm",
            "version": "dev-master",
            "source": {
                "type": "git",
                "url": "https://github.com/PHPixie/Auth-ORM.git",
                "reference": "02ad14d7a8c1cca85066d201a2ec1f78175604ca"
            },
            "dist": {
                "type": "zip",
                "url": "https://api.github.com/repos/PHPixie/Auth-ORM/zipball/02ad14d7a8c1cca85066d201a2ec1f78175604ca",
                "reference": "02ad14d7a8c1cca85066d201a2ec1f78175604ca",
                "shasum": ""
            },
            "require": {
                "phpixie/auth": "~3.0",
                "phpixie/auth-login": "~3.0",
                "phpixie/orm": "~3.0"
            },
            "require-dev": {
                "phpixie/test": "~3.0"
            },
            "type": "library",
            "extra": {
                "branch-alias": {
                    "dev-master": "3.x-dev"
                }
            },
            "autoload": {
                "psr-4": {
                    "PHPixie\\": "src/PHPixie",
                    "PHPixie\\Tests\\": "tests/PHPixie/Tests"
                }
            },
            "notification-url": "https://packagist.org/downloads/",
            "license": [
                "BSD"
            ],
            "authors": [
                {
                    "name": "Roman Tsiupa",
                    "email": "draconyster@gmail.com",
                    "homepage": "http://dracony.org"
                }
            ],
            "description": "ORM wrappers for auuth",
            "homepage": "http://phpixie.com",
            "keywords": [
                "auth",
                "orm"
            ],
            "time": "2016-12-12 09:28:06"
        },
        {
            "name": "phpixie/core",
            "version": "dev-master",
            "source": {
                "type": "git",
                "url": "https://github.com/dracony/PHPixie-Core.git",
                "reference": "52660b51002e53243bda3af6c11151a3232bfd7a"
            },
            "dist": {
                "type": "zip",
                "url": "https://api.github.com/repos/dracony/PHPixie-Core/zipball/52660b51002e53243bda3af6c11151a3232bfd7a",
                "reference": "52660b51002e53243bda3af6c11151a3232bfd7a",
                "shasum": ""
            },
            "require": {
                "php": ">=5.3.0"
            },
            "type": "library",
            "extra": {
                "branch-alias": {
                    "dev-master": "2.*-dev"
                }
            },
            "autoload": {
                "psr-0": {
                    "PHPixie": "classes/"
                }
            },
            "notification-url": "https://packagist.org/downloads/",
            "license": [
                "BSD"
            ],
            "authors": [
                {
                    "name": "Roman Tsiupa",
                    "email": "draconyster@gmail.com",
                    "homepage": "http://dracony.org"
                }
            ],
            "description": "PHPixie Framework",
            "homepage": "http://phpixie.com",
            "keywords": [
                "framework"
            ],
            "time": "2015-04-16 11:59:58"
        },
        {
            "name": "phpixie/database",
            "version": "3.7.1",
            "source": {
                "type": "git",
                "url": "https://github.com/PHPixie/Database.git",
                "reference": "5c86c28f985703acc23f64d1d06a94852189a105"
            },
            "dist": {
                "type": "zip",
                "url": "https://api.github.com/repos/PHPixie/Database/zipball/5c86c28f985703acc23f64d1d06a94852189a105",
                "reference": "5c86c28f985703acc23f64d1d06a94852189a105",
                "shasum": ""
            },
            "require": {
                "phpixie/slice": "~3.0",
                "psr/log": "~1.0.2"
            },
            "require-dev": {
                "phpixie/test": "~3.0"
            },
            "suggest": {
                "mongodb/mongodb": "Required for MongoDB support"
            },
            "type": "library",
            "extra": {
                "branch-alias": {
                    "dev-master": "3.x-dev"
                }
            },
            "autoload": {
                "psr-4": {
                    "PHPixie\\": "src/PHPixie",
                    "PHPixie\\Tests\\": "tests/PHPixie/Tests"
                }
            },
            "notification-url": "https://packagist.org/downloads/",
            "license": [
                "BSD"
            ],
            "authors": [
                {
                    "name": "Roman Tsiupa",
                    "email": "draconyster@gmail.com",
                    "homepage": "http://dracony.org"
                }
            ],
            "description": "PHPixie Database library",
            "homepage": "http://phpixie.com",
            "keywords": [
                "database",
                "mysql",
                "postgresql",
                "sqlite"
            ],
            "time": "2017-01-18T17:29:14+00:00"
        },
        {
            "name": "phpixie/haml",
            "version": "dev-master",
            "source": {
                "type": "git",
                "url": "https://github.com/dracony/PHPixie-HAML.git",
                "reference": "11a3025d0c544f54e484294efc2eb6ded1bb70af"
            },
            "dist": {
                "type": "zip",
                "url": "https://api.github.com/repos/dracony/PHPixie-HAML/zipball/11a3025d0c544f54e484294efc2eb6ded1bb70af",
                "reference": "11a3025d0c544f54e484294efc2eb6ded1bb70af",
                "shasum": ""
            },
            "require": {
                "mthaml/mthaml": "dev-master",
                "phpixie/core": "2.*@dev"
            },
            "type": "library",
            "extra": {
                "branch-alias": {
                    "dev-master": "2.x-dev"
                }
            },
            "autoload": {
                "psr-0": {
                    "PHPixie": "classes/"
                }
            },
            "notification-url": "https://packagist.org/downloads/",
            "license": [
                "BSD"
            ],
            "authors": [
                {
                    "name": "Roman Tsiupa",
                    "email": "draconyster@gmail.com",
                    "homepage": "http://dracony.org"
                }
            ],
            "description": "HAML templates for PHPixie",
            "homepage": "http://phpixie.com",
            "keywords": [
                "HAML",
                "templating"
            ],
            "time": "2013-08-27 16:02:24"
        },
        {
            "name": "phpixie/orm",
            "version": "3.14",
            "source": {
                "type": "git",
                "url": "https://github.com/PHPixie/ORM.git",
                "reference": "a3b67422b70d8de2b13342c372374948ef699e23"
            },
            "dist": {
                "type": "zip",
                "url": "https://api.github.com/repos/PHPixie/ORM/zipball/a3b67422b70d8de2b13342c372374948ef699e23",
                "reference": "a3b67422b70d8de2b13342c372374948ef699e23",
                "shasum": ""
            },
            "require": {
                "phpixie/database": "~3.0",
                "phpixie/slice": "~3.0"
            },
            "require-dev": {
                "phpixie/test": "~3.0"
            },
            "type": "library",
            "extra": {
                "branch-alias": {
                    "dev-master": "3.x-dev"
                }
            },
            "autoload": {
                "psr-4": {
                    "PHPixie\\": "src/PHPixie",
                    "PHPixie\\Tests\\": "tests/PHPixie/Tests"
                }
            },
            "notification-url": "https://packagist.org/downloads/",
            "license": [
                "BSD"
            ],
            "authors": [
                {
                    "name": "Roman Tsiupa",
                    "email": "draconyster@gmail.com",
                    "homepage": "http://dracony.org"
                }
            ],
            "description": "ORM library for PHPixie",
            "homepage": "http://phpixie.com",
            "keywords": [
                "database",
                "orm"
            ],
            "time": "2017-01-12T09:39:21+00:00"
        },
        {
            "name": "phpixie/security",
            "version": "3.0",
            "source": {
                "type": "git",
                "url": "https://github.com/PHPixie/Security.git",
                "reference": "b10a94dd18d9b784691f67d21815681c7c863ece"
            },
            "dist": {
                "type": "zip",
                "url": "https://api.github.com/repos/PHPixie/Security/zipball/b10a94dd18d9b784691f67d21815681c7c863ece",
                "reference": "b10a94dd18d9b784691f67d21815681c7c863ece",
                "shasum": ""
            },
            "require": {
                "ircmaxell/password-compat": "^1.0",
                "paragonie/random_compat": "^1.0",
                "phpixie/database": "~3.0",
                "phpixie/slice": "~3.0"
            },
            "require-dev": {
                "phpixie/test": "~3.0"
            },
            "type": "library",
            "extra": {
                "branch-alias": {
                    "dev-master": "3.x-dev"
                }
            },
            "autoload": {
                "psr-4": {
                    "PHPixie\\": "src/PHPixie",
                    "PHPixie\\Tests\\": "tests/PHPixie/Tests"
                }
            },
            "notification-url": "https://packagist.org/downloads/",
            "license": [
                "BSD"
            ],
            "authors": [
                {
                    "name": "Roman Tsiupa",
                    "email": "draconyster@gmail.com",
                    "homepage": "http://dracony.org"
                }
            ],
            "description": "SEcurity library for PHPixie",
            "homepage": "http://phpixie.com",
            "keywords": [
                "password",
                "random",
                "security",
                "token"
            ],
            "time": "2015-10-10T23:59:36+00:00"
        },
        {
            "name": "phpixie/slice",
            "version": "3.2.3",
            "source": {
                "type": "git",
                "url": "https://github.com/PHPixie/Slice.git",
                "reference": "4435da2e2f877b899380c64c86e1bd55795c615c"
            },
            "dist": {
                "type": "zip",
                "url": "https://api.github.com/repos/PHPixie/Slice/zipball/4435da2e2f877b899380c64c86e1bd55795c615c",
                "reference": "4435da2e2f877b899380c64c86e1bd55795c615c",
                "shasum": ""
            },
            "require-dev": {
                "phpixie/test": "~3.0"
            },
            "type": "library",
            "extra": {
                "branch-alias": {
                    "dev-master": "3.x-dev"
                }
            },
            "autoload": {
                "psr-4": {
                    "PHPixie\\": "src/PHPixie",
                    "PHPixie\\Tests\\": "tests/PHPixie/Tests"
                }
            },
            "notification-url": "https://packagist.org/downloads/",
            "license": [
                "BSD"
            ],
            "authors": [
                {
                    "name": "Roman Tsiupa",
                    "email": "draconyster@gmail.com",
                    "homepage": "http://dracony.org"
                }
            ],
            "description": "Slice library for PHPixie",
            "homepage": "http://phpixie.com",
            "keywords": [
                "array",
                "data",
                "parameters"
            ],
            "time": "2016-06-12T08:07:30+00:00"
        },
        {
            "name": "psr/cache",
            "version": "1.0.1",
            "source": {
                "type": "git",
                "url": "https://github.com/php-fig/cache.git",
                "reference": "d11b50ad223250cf17b86e38383413f5a6764bf8"
            },
            "dist": {
                "type": "zip",
                "url": "https://api.github.com/repos/php-fig/cache/zipball/d11b50ad223250cf17b86e38383413f5a6764bf8",
                "reference": "d11b50ad223250cf17b86e38383413f5a6764bf8",
                "shasum": ""
            },
            "require": {
                "php": ">=5.3.0"
            },
            "type": "library",
            "extra": {
                "branch-alias": {
                    "dev-master": "1.0.x-dev"
                }
            },
            "autoload": {
                "psr-4": {
                    "Psr\\Cache\\": "src/"
                }
            },
            "notification-url": "https://packagist.org/downloads/",
            "license": [
                "MIT"
            ],
            "authors": [
                {
                    "name": "PHP-FIG",
                    "homepage": "http://www.php-fig.org/"
                }
            ],
            "description": "Common interface for caching libraries",
            "keywords": [
                "cache",
                "psr",
                "psr-6"
            ],
            "time": "2016-08-06T20:24:11+00:00"
        },
        {
            "name": "psr/log",
            "version": "1.0.2",
            "source": {
                "type": "git",
                "url": "https://github.com/php-fig/log.git",
                "reference": "4ebe3a8bf773a19edfe0a84b6585ba3d401b724d"
            },
            "dist": {
                "type": "zip",
                "url": "https://api.github.com/repos/php-fig/log/zipball/4ebe3a8bf773a19edfe0a84b6585ba3d401b724d",
                "reference": "4ebe3a8bf773a19edfe0a84b6585ba3d401b724d",
                "shasum": ""
            },
            "require": {
                "php": ">=5.3.0"
            },
            "type": "library",
            "extra": {
                "branch-alias": {
                    "dev-master": "1.0.x-dev"
                }
            },
            "autoload": {
                "psr-4": {
                    "Psr\\Log\\": "Psr/Log/"
                }
            },
            "notification-url": "https://packagist.org/downloads/",
            "license": [
                "MIT"
            ],
            "authors": [
                {
                    "name": "PHP-FIG",
                    "homepage": "http://www.php-fig.org/"
                }
            ],
            "description": "Common interface for logging libraries",
            "homepage": "https://github.com/php-fig/log",
            "keywords": [
                "log",
                "psr",
                "psr-3"
            ],
            "time": "2016-10-10T12:19:37+00:00"
        },
        {
            "name": "symfony/yaml",
            "version": "v3.2.2",
            "source": {
                "type": "git",
                "url": "https://github.com/symfony/yaml.git",
                "reference": "50eadbd7926e31842893c957eca362b21592a97d"
            },
            "dist": {
                "type": "zip",
                "url": "https://api.github.com/repos/symfony/yaml/zipball/50eadbd7926e31842893c957eca362b21592a97d",
                "reference": "50eadbd7926e31842893c957eca362b21592a97d",
                "shasum": ""
            },
            "require": {
                "php": ">=5.5.9"
            },
            "require-dev": {
                "symfony/console": "~2.8|~3.0"
            },
            "suggest": {
                "symfony/console": "For validating YAML files using the lint command"
            },
            "type": "library",
            "extra": {
                "branch-alias": {
                    "dev-master": "3.2-dev"
                }
            },
            "autoload": {
                "psr-4": {
                    "Symfony\\Component\\Yaml\\": ""
                },
                "exclude-from-classmap": [
                    "/Tests/"
                ]
            },
            "notification-url": "https://packagist.org/downloads/",
            "license": [
                "MIT"
            ],
            "authors": [
                {
                    "name": "Fabien Potencier",
                    "email": "fabien@symfony.com"
                },
                {
                    "name": "Symfony Community",
                    "homepage": "https://symfony.com/contributors"
                }
            ],
            "description": "Symfony Yaml Component",
            "homepage": "https://symfony.com",
            "time": "2017-01-03T13:51:32+00:00"
        },
        {
            "name": "tedivm/stash",
            "version": "v0.14.1",
            "source": {
                "type": "git",
                "url": "https://github.com/tedious/Stash.git",
                "reference": "bcb739b08b22571e35589ebe5403af9b89a33394"
            },
            "dist": {
                "type": "zip",
                "url": "https://api.github.com/repos/tedious/Stash/zipball/bcb739b08b22571e35589ebe5403af9b89a33394",
                "reference": "bcb739b08b22571e35589ebe5403af9b89a33394",
                "shasum": ""
            },
            "require": {
                "php": "^5.4|^7.0",
                "psr/cache": "~1.0"
            },
            "provide": {
                "psr/cache-implementation": "1.0.0"
            },
            "require-dev": {
                "fabpot/php-cs-fixer": "^1.9",
                "phpunit/phpunit": "4.8.*",
                "satooshi/php-coveralls": "1.0.*"
            },
            "type": "library",
            "autoload": {
                "psr-4": {
                    "Stash\\": "src/Stash/"
                }
            },
            "notification-url": "https://packagist.org/downloads/",
            "license": [
                "BSD-3-Clause"
            ],
            "authors": [
                {
                    "name": "Robert Hafner",
                    "email": "tedivm@tedivm.com"
                },
                {
                    "name": "Josh Hall-Bachner",
                    "email": "charlequin@gmail.com"
                }
            ],
            "description": "The place to keep your cache.",
            "homepage": "http://github.com/tedious/Stash",
            "keywords": [
                "apc",
                "cache",
                "caching",
                "memcached",
                "psr-6",
                "psr6",
                "redis",
                "sessions"
            ],
            "time": "2016-02-10T22:23:16+00:00"
        }
    ],
    "packages-dev": [],
    "aliases": [],
    "minimum-stability": "stable",
    "stability-flags": {
        "phpixie/core": 20,
        "phpixie/haml": 20,
        "phpixie/auth-orm": 20,
        "mthaml/mthaml": 20
    },
    "prefer-stable": false,
    "prefer-lowest": false,
    "platform": [],
    "platform-dev": []
}
