{
  "name": "sot",
  "version": "1.0.0",
  "lockfileVersion": 1,
  "dependencies": {
    "jquery": {
      "version": "https://registry.npmjs.org/jquery/-/jquery-3.2.1.tgz",
      "integrity": "sha1-XE2d5lKvbNCncBVKYxu6ErAVx4c="
    },
    "sweetalert2": {
      "version": "6.6.4",
      "resolved": "https://registry.npmjs.org/sweetalert2/-/sweetalert2-6.6.4.tgz",
      "integrity": "sha1-d5kQDE26h43iqVgbP0LSnz3R2eA="
    }
  }
}
